
Microsoft Visual Studio Solution File, Format Version 12.00
# Visual Studio Version 17
VisualStudioVersion = 17.14.37027.9
MinimumVisualStudioVersion = 10.0.40219.1
Project("{FAE04EC0-301F-11D3-BF4B-00C04F79EFBC}") = "PROIECT_PIU", "PROIECT_PIU\PROIECT_PIU.csproj", "{DD345F4A-E301-41AF-8A4E-EF9BE927258A}"
EndProject
Project("{FAE04EC0-301F-11D3-BF4B-00C04F79EFBC}") = "Clasa_Domeniu", "Clasa_Domeniu\Clasa_Domeniu.csproj", "{527C7FE3-A84C-4FAB-9B39-AA98B2063039}"
EndProject
Project("{FAE04EC0-301F-11D3-BF4B-00C04F79EFBC}") = "Clasa_Player", "Clasa_Player\Clasa_Player.csproj", "{F295E3CF-6049-4786-B92F-D6628CF2DF03}"
EndProject
Project("{FAE04EC0-301F-11D3-BF4B-00C04F79EFBC}") = "Clasa_Highscore", "Clasa_Highscore\Clasa_Highscore.csproj", "{29B7173E-D686-49E2-B26D-637DD72C896A}"
EndProject
Global
	GlobalSection(SolutionConfigurationPlatforms) = preSolution
		Debug|Any CPU = Debug|Any CPU
		Release|Any CPU = Release|Any CPU
	EndGlobalSection
	GlobalSection(ProjectConfigurationPlatforms) = postSolution
		{DD345F4A-E301-41AF-8A4E-EF9BE927258A}.Debug|Any CPU.ActiveCfg = Debug|Any CPU
		{DD345F4A-E301-41AF-8A4E-EF9BE927258A}.Debug|Any CPU.Build.0 = Debug|Any CPU
		{DD345F4A-E301-41AF-8A4E-EF9BE927258A}.Release|Any CPU.ActiveCfg = Release|Any CPU
		{DD345F4A-E301-41AF-8A4E-EF9BE927258A}.Release|Any CPU.Build.0 = Release|Any CPU
		{527C7FE3-A84C-4FAB-9B39-AA98B2063039}.Debug|Any CPU.ActiveCfg = Debug|Any CPU
		{527C7FE3-A84C-4FAB-9B39-AA98B2063039}.Debug|Any CPU.Build.0 = Debug|Any CPU
		{527C7FE3-A84C-4FAB-9B39-AA98B2063039}.Release|Any CPU.ActiveCfg = Release|Any CPU
		{527C7FE3-A84C-4FAB-9B39-AA98B2063039}.Release|Any CPU.Build.0 = Release|Any CPU
		{F295E3CF-6049-4786-B92F-D6628CF2DF03}.Debug|Any CPU.ActiveCfg = Debug|Any CPU
		{F295E3CF-6049-4786-B92F-D6628CF2DF03}.Debug|Any CPU.Build.0 = Debug|Any CPU
		{F295E3CF-6049-4786-B92F-D6628CF2DF03}.Release|Any CPU.ActiveCfg = Release|Any CPU
		{F295E3CF-6049-4786-B92F-D6628CF2DF03}.Release|Any CPU.Build.0 = Release|Any CPU
		{29B7173E-D686-49E2-B26D-637DD72C896A}.Debug|Any CPU.ActiveCfg = Debug|Any CPU
		{29B7173E-D686-49E2-B26D-637DD72C896A}.Debug|Any CPU.Build.0 = Debug|Any CPU
		{29B7173E-D686-49E2-B26D-637DD72C896A}.Release|Any CPU.ActiveCfg = Release|Any CPU
		{29B7173E-D686-49E2-B26D-637DD72C896A}.Release|Any CPU.Build.0 = Release|Any CPU
	EndGlobalSection
	GlobalSection(SolutionProperties) = preSolution
		HideSolutionNode = FALSE
	EndGlobalSection
	GlobalSection(ExtensibilityGlobals) = postSolution
		SolutionGuid = {54F4A301-9B79-4A6B-9804-E40A8C8BE49E}
	EndGlobalSection
EndGlobal
